
Microsoft Visual Studio Solution File, Format Version 12.00
# Visual Studio Version 17
VisualStudioVersion = 17.0.32014.148
MinimumVisualStudioVersion = 10.0.40219.1
Project("{9A19103F-16F7-4668-BE54-9A1E7A4F7556}") = "Catalog.Api", "Catalog.Api\Catalog.Api.csproj", "{3C8FFE45-8846-4CF9-BC68-7E35060B95E4}"
EndProject
Project("{E53339B2-1760-4266-BCC7-CA923CBCF16C}") = "docker-compose", "docker-compose.dcproj", "{D461962F-395E-4B91-9776-3A28B174FC68}"
EndProject
Project("{9A19103F-16F7-4668-BE54-9A1E7A4F7556}") = "Basket.Api", "Basket.Api\Basket.Api.csproj", "{25880A85-A4B2-4918-B632-AFA86535E513}"
EndProject
Project("{2150E333-8FDC-42A3-9474-1A3956D46DE8}") = "Basket", "Basket", "{FAEF3910-7935-4F33-8E94-C26A12F310CC}"
EndProject
Project("{2150E333-8FDC-42A3-9474-1A3956D46DE8}") = "Catalog", "Catalog", "{3A3A2E44-02EE-40BA-A5AD-CE0D06023FF9}"
EndProject
Project("{2150E333-8FDC-42A3-9474-1A3956D46DE8}") = "Services", "Services", "{ED99908C-F5FF-41E0-A25E-BE973356363C}"
EndProject
Project("{FAE04EC0-301F-11D3-BF4B-00C04F79EFBC}") = "Discount.Api", "Discount.Api\Discount.Api.csproj", "{41A19B29-15BD-4B81-8DE3-0E29071D21D9}"
EndProject
Project("{2150E333-8FDC-42A3-9474-1A3956D46DE8}") = "Discount", "Discount", "{865FA425-9068-4CA7-B72A-F5792D684E1A}"
EndProject
Global
	GlobalSection(SolutionConfigurationPlatforms) = preSolution
		Debug|Any CPU = Debug|Any CPU
		Release|Any CPU = Release|Any CPU
	EndGlobalSection
	GlobalSection(ProjectConfigurationPlatforms) = postSolution
		{3C8FFE45-8846-4CF9-BC68-7E35060B95E4}.Debug|Any CPU.ActiveCfg = Debug|Any CPU
		{3C8FFE45-8846-4CF9-BC68-7E35060B95E4}.Debug|Any CPU.Build.0 = Debug|Any CPU
		{3C8FFE45-8846-4CF9-BC68-7E35060B95E4}.Release|Any CPU.ActiveCfg = Release|Any CPU
		{3C8FFE45-8846-4CF9-BC68-7E35060B95E4}.Release|Any CPU.Build.0 = Release|Any CPU
		{D461962F-395E-4B91-9776-3A28B174FC68}.Debug|Any CPU.ActiveCfg = Debug|Any CPU
		{D461962F-395E-4B91-9776-3A28B174FC68}.Debug|Any CPU.Build.0 = Debug|Any CPU
		{D461962F-395E-4B91-9776-3A28B174FC68}.Release|Any CPU.ActiveCfg = Release|Any CPU
		{D461962F-395E-4B91-9776-3A28B174FC68}.Release|Any CPU.Build.0 = Release|Any CPU
		{25880A85-A4B2-4918-B632-AFA86535E513}.Debug|Any CPU.ActiveCfg = Debug|Any CPU
		{25880A85-A4B2-4918-B632-AFA86535E513}.Debug|Any CPU.Build.0 = Debug|Any CPU
		{25880A85-A4B2-4918-B632-AFA86535E513}.Release|Any CPU.ActiveCfg = Release|Any CPU
		{25880A85-A4B2-4918-B632-AFA86535E513}.Release|Any CPU.Build.0 = Release|Any CPU
		{41A19B29-15BD-4B81-8DE3-0E29071D21D9}.Debug|Any CPU.ActiveCfg = Debug|Any CPU
		{41A19B29-15BD-4B81-8DE3-0E29071D21D9}.Debug|Any CPU.Build.0 = Debug|Any CPU
		{41A19B29-15BD-4B81-8DE3-0E29071D21D9}.Release|Any CPU.ActiveCfg = Release|Any CPU
		{41A19B29-15BD-4B81-8DE3-0E29071D21D9}.Release|Any CPU.Build.0 = Release|Any CPU
	EndGlobalSection
	GlobalSection(SolutionProperties) = preSolution
		HideSolutionNode = FALSE
	EndGlobalSection
	GlobalSection(NestedProjects) = preSolution
		{3C8FFE45-8846-4CF9-BC68-7E35060B95E4} = {3A3A2E44-02EE-40BA-A5AD-CE0D06023FF9}
		{25880A85-A4B2-4918-B632-AFA86535E513} = {FAEF3910-7935-4F33-8E94-C26A12F310CC}
		{FAEF3910-7935-4F33-8E94-C26A12F310CC} = {ED99908C-F5FF-41E0-A25E-BE973356363C}
		{3A3A2E44-02EE-40BA-A5AD-CE0D06023FF9} = {ED99908C-F5FF-41E0-A25E-BE973356363C}
		{41A19B29-15BD-4B81-8DE3-0E29071D21D9} = {865FA425-9068-4CA7-B72A-F5792D684E1A}
		{865FA425-9068-4CA7-B72A-F5792D684E1A} = {ED99908C-F5FF-41E0-A25E-BE973356363C}
	EndGlobalSection
	GlobalSection(ExtensibilityGlobals) = postSolution
		SolutionGuid = {1D1F890F-7CAE-48D8-8B79-FCB12921264F}
	EndGlobalSection
EndGlobal
