
Microsoft Visual Studio Solution File, Format Version 12.00
# Visual Studio Version 17
VisualStudioVersion = 17.0.32014.148
MinimumVisualStudioVersion = 10.0.40219.1
Project("{FAE04EC0-301F-11D3-BF4B-00C04F79EFBC}") = "Product", "Product\Product.csproj", "{622EF96E-F870-449E-A8AC-5D64E63D645B}"
EndProject
Global
	GlobalSection(SolutionConfigurationPlatforms) = preSolution
		Debug|Any CPU = Debug|Any CPU
		Release|Any CPU = Release|Any CPU
	EndGlobalSection
	GlobalSection(ProjectConfigurationPlatforms) = postSolution
		{622EF96E-F870-449E-A8AC-5D64E63D645B}.Debug|Any CPU.ActiveCfg = Debug|Any CPU
		{622EF96E-F870-449E-A8AC-5D64E63D645B}.Debug|Any CPU.Build.0 = Debug|Any CPU
		{622EF96E-F870-449E-A8AC-5D64E63D645B}.Release|Any CPU.ActiveCfg = Release|Any CPU
		{622EF96E-F870-449E-A8AC-5D64E63D645B}.Release|Any CPU.Build.0 = Release|Any CPU
	EndGlobalSection
	GlobalSection(SolutionProperties) = preSolution
		HideSolutionNode = FALSE
	EndGlobalSection
	GlobalSection(ExtensibilityGlobals) = postSolution
		SolutionGuid = {1D1F890F-7CAE-48D8-8B79-FCB12921264F}
	EndGlobalSection
EndGlobal
