Microsoft Visual Studio Solution File, Format Version 12.00
# Visual Studio Version 17
VisualStudioVersion = 17.13.35919.96
MinimumVisualStudioVersion = 10.0.40219.1
Project("{FAE04EC0-301F-11D3-BF4B-00C04F79EFBC}") = "Eventick.Services.EventCatalog", "Eventick.Services.EventCatalog\Eventick.Services.EventCatalog.csproj", "{1B0C20A6-DA8D-B01A-17DD-6CC79D776D9D}"
EndProject
Project("{FAE04EC0-301F-11D3-BF4B-00C04F79EFBC}") = "Eventick.Services.ShoppingBasket", "Eventick.Services.ShoppingBasket\Eventick.Services.ShoppingBasket.csproj", "{73B32B79-CC43-D68C-7981-A138D8ACA0B8}"
EndProject
Project("{2150E333-8FDC-42A3-9474-1A3956D46DE8}") = "Frontends", "Frontends", "{02EA681E-C7D8-13C7-8484-4AC65E1B71E8}"
EndProject
Project("{2150E333-8FDC-42A3-9474-1A3956D46DE8}") = "Services", "Services", "{47AFE0B8-52A9-44F3-BC33-E1328D763FA7}"
EndProject
Project("{FAE04EC0-301F-11D3-BF4B-00C04F79EFBC}") = "Eventick.Services.Discount", "Eventick.Services.Discount\Eventick.Services.Discount.csproj", "{EA8A036B-60F2-43B0-8FBC-03578AD97993}"
EndProject
Project("{FAE04EC0-301F-11D3-BF4B-00C04F79EFBC}") = "Eventick.Services.Ordering", "Eventick.Services.Ordering\Eventick.Services.Ordering.csproj", "{3C278D70-4699-4B19-B5A6-81611A6DEAA6}"
EndProject
Project("{2150E333-8FDC-42A3-9474-1A3956D46DE8}") = "Integration", "Integration", "{B826809F-5E33-4D94-9BF2-AC986D8777BC}"
EndProject
Project("{FAE04EC0-301F-11D3-BF4B-00C04F79EFBC}") = "Eventick.Integration.Messages", "Eventick.Integration.Messages\Eventick.Integration.Messages.csproj", "{6751656F-C997-4B0B-B2F1-FFE6793C9FB9}"
EndProject
Project("{FAE04EC0-301F-11D3-BF4B-00C04F79EFBC}") = "Eventick.Integration.MessagingBus", "Eventick.Integration.MessagingBus\Eventick.Integration.MessagingBus.csproj", "{B40577A7-5965-4CF9-8D91-D70F3B6B461D}"
EndProject
Project("{2150E333-8FDC-42A3-9474-1A3956D46DE8}") = "proto", "proto", "{534FB82A-189B-42DF-8CAB-1252050A9A44}"
	ProjectSection(SolutionItems) = preProject
		discount.proto = discount.proto
	EndProjectSection
EndProject
Project("{FAE04EC0-301F-11D3-BF4B-00C04F79EFBC}") = "Eventick.Services.Marketing", "Eventick.Services.Marketing\Eventick.Services.Marketing.csproj", "{F17FA8BA-C635-4A14-9B32-7E2D33083C99}"
EndProject
Project("{FAE04EC0-301F-11D3-BF4B-00C04F79EFBC}") = "Eventick.ServicesPayment", "Eventick.ServicesPayment\Eventick.ServicesPayment.csproj", "{5E09EECA-9EC6-4CEB-BB91-56E0C84BC513}"
EndProject
Project("{2150E333-8FDC-42A3-9474-1A3956D46DE8}") = "Gateway", "Gateway", "{9D7FD798-62AA-4B3F-BB77-B6F8891F45DF}"
EndProject
Project("{FAE04EC0-301F-11D3-BF4B-00C04F79EFBC}") = "Eventick.Gateway.Shared", "Eventick.Gateway.Shared\Eventick.Gateway.Shared.csproj", "{FF33F1D3-B441-4A25-848D-CBC3D75A6B10}"
EndProject
Project("{FAE04EC0-301F-11D3-BF4B-00C04F79EFBC}") = "Eventick.Gateway.WebBff", "Eventick.Gateway.WebBff\Eventick.Gateway.WebBff.csproj", "{70021B9B-25C0-4359-BED3-5F97C5A69BB8}"
EndProject
Project("{FAE04EC0-301F-11D3-BF4B-00C04F79EFBC}") = "Eventick.Client", "Eventick.Client\Eventick.Client.csproj", "{54B64179-D670-ECB0-AA0A-B0641E92A1EB}"
EndProject
Global
	GlobalSection(SolutionConfigurationPlatforms) = preSolution
		Debug|Any CPU = Debug|Any CPU
		Release|Any CPU = Release|Any CPU
	EndGlobalSection
	GlobalSection(ProjectConfigurationPlatforms) = postSolution
		{1B0C20A6-DA8D-B01A-17DD-6CC79D776D9D}.Debug|Any CPU.ActiveCfg = Debug|Any CPU
		{1B0C20A6-DA8D-B01A-17DD-6CC79D776D9D}.Debug|Any CPU.Build.0 = Debug|Any CPU
		{1B0C20A6-DA8D-B01A-17DD-6CC79D776D9D}.Release|Any CPU.ActiveCfg = Release|Any CPU
		{1B0C20A6-DA8D-B01A-17DD-6CC79D776D9D}.Release|Any CPU.Build.0 = Release|Any CPU
		{73B32B79-CC43-D68C-7981-A138D8ACA0B8}.Debug|Any CPU.ActiveCfg = Debug|Any CPU
		{73B32B79-CC43-D68C-7981-A138D8ACA0B8}.Debug|Any CPU.Build.0 = Debug|Any CPU
		{73B32B79-CC43-D68C-7981-A138D8ACA0B8}.Release|Any CPU.ActiveCfg = Release|Any CPU
		{73B32B79-CC43-D68C-7981-A138D8ACA0B8}.Release|Any CPU.Build.0 = Release|Any CPU
		{EA8A036B-60F2-43B0-8FBC-03578AD97993}.Debug|Any CPU.ActiveCfg = Debug|Any CPU
		{EA8A036B-60F2-43B0-8FBC-03578AD97993}.Debug|Any CPU.Build.0 = Debug|Any CPU
		{EA8A036B-60F2-43B0-8FBC-03578AD97993}.Release|Any CPU.ActiveCfg = Release|Any CPU
		{EA8A036B-60F2-43B0-8FBC-03578AD97993}.Release|Any CPU.Build.0 = Release|Any CPU
		{3C278D70-4699-4B19-B5A6-81611A6DEAA6}.Debug|Any CPU.ActiveCfg = Debug|Any CPU
		{3C278D70-4699-4B19-B5A6-81611A6DEAA6}.Debug|Any CPU.Build.0 = Debug|Any CPU
		{3C278D70-4699-4B19-B5A6-81611A6DEAA6}.Release|Any CPU.ActiveCfg = Release|Any CPU
		{3C278D70-4699-4B19-B5A6-81611A6DEAA6}.Release|Any CPU.Build.0 = Release|Any CPU
		{6751656F-C997-4B0B-B2F1-FFE6793C9FB9}.Debug|Any CPU.ActiveCfg = Debug|Any CPU
		{6751656F-C997-4B0B-B2F1-FFE6793C9FB9}.Debug|Any CPU.Build.0 = Debug|Any CPU
		{6751656F-C997-4B0B-B2F1-FFE6793C9FB9}.Release|Any CPU.ActiveCfg = Release|Any CPU
		{6751656F-C997-4B0B-B2F1-FFE6793C9FB9}.Release|Any CPU.Build.0 = Release|Any CPU
		{B40577A7-5965-4CF9-8D91-D70F3B6B461D}.Debug|Any CPU.ActiveCfg = Debug|Any CPU
		{B40577A7-5965-4CF9-8D91-D70F3B6B461D}.Debug|Any CPU.Build.0 = Debug|Any CPU
		{B40577A7-5965-4CF9-8D91-D70F3B6B461D}.Release|Any CPU.ActiveCfg = Release|Any CPU
		{B40577A7-5965-4CF9-8D91-D70F3B6B461D}.Release|Any CPU.Build.0 = Release|Any CPU
		{F17FA8BA-C635-4A14-9B32-7E2D33083C99}.Debug|Any CPU.ActiveCfg = Debug|Any CPU
		{F17FA8BA-C635-4A14-9B32-7E2D33083C99}.Debug|Any CPU.Build.0 = Debug|Any CPU
		{F17FA8BA-C635-4A14-9B32-7E2D33083C99}.Release|Any CPU.ActiveCfg = Release|Any CPU
		{F17FA8BA-C635-4A14-9B32-7E2D33083C99}.Release|Any CPU.Build.0 = Release|Any CPU
		{5E09EECA-9EC6-4CEB-BB91-56E0C84BC513}.Debug|Any CPU.ActiveCfg = Debug|Any CPU
		{5E09EECA-9EC6-4CEB-BB91-56E0C84BC513}.Debug|Any CPU.Build.0 = Debug|Any CPU
		{5E09EECA-9EC6-4CEB-BB91-56E0C84BC513}.Release|Any CPU.ActiveCfg = Release|Any CPU
		{5E09EECA-9EC6-4CEB-BB91-56E0C84BC513}.Release|Any CPU.Build.0 = Release|Any CPU
		{FF33F1D3-B441-4A25-848D-CBC3D75A6B10}.Debug|Any CPU.ActiveCfg = Debug|Any CPU
		{FF33F1D3-B441-4A25-848D-CBC3D75A6B10}.Debug|Any CPU.Build.0 = Debug|Any CPU
		{FF33F1D3-B441-4A25-848D-CBC3D75A6B10}.Release|Any CPU.ActiveCfg = Release|Any CPU
		{FF33F1D3-B441-4A25-848D-CBC3D75A6B10}.Release|Any CPU.Build.0 = Release|Any CPU
		{70021B9B-25C0-4359-BED3-5F97C5A69BB8}.Debug|Any CPU.ActiveCfg = Debug|Any CPU
		{70021B9B-25C0-4359-BED3-5F97C5A69BB8}.Debug|Any CPU.Build.0 = Debug|Any CPU
		{70021B9B-25C0-4359-BED3-5F97C5A69BB8}.Release|Any CPU.ActiveCfg = Release|Any CPU
		{70021B9B-25C0-4359-BED3-5F97C5A69BB8}.Release|Any CPU.Build.0 = Release|Any CPU
		{54B64179-D670-ECB0-AA0A-B0641E92A1EB}.Debug|Any CPU.ActiveCfg = Debug|Any CPU
		{54B64179-D670-ECB0-AA0A-B0641E92A1EB}.Debug|Any CPU.Build.0 = Debug|Any CPU
		{54B64179-D670-ECB0-AA0A-B0641E92A1EB}.Release|Any CPU.ActiveCfg = Release|Any CPU
		{54B64179-D670-ECB0-AA0A-B0641E92A1EB}.Release|Any CPU.Build.0 = Release|Any CPU
	EndGlobalSection
	GlobalSection(SolutionProperties) = preSolution
		HideSolutionNode = FALSE
	EndGlobalSection
	GlobalSection(NestedProjects) = preSolution
		{1B0C20A6-DA8D-B01A-17DD-6CC79D776D9D} = {47AFE0B8-52A9-44F3-BC33-E1328D763FA7}
		{73B32B79-CC43-D68C-7981-A138D8ACA0B8} = {47AFE0B8-52A9-44F3-BC33-E1328D763FA7}
		{EA8A036B-60F2-43B0-8FBC-03578AD97993} = {47AFE0B8-52A9-44F3-BC33-E1328D763FA7}
		{3C278D70-4699-4B19-B5A6-81611A6DEAA6} = {47AFE0B8-52A9-44F3-BC33-E1328D763FA7}
		{6751656F-C997-4B0B-B2F1-FFE6793C9FB9} = {B826809F-5E33-4D94-9BF2-AC986D8777BC}
		{B40577A7-5965-4CF9-8D91-D70F3B6B461D} = {B826809F-5E33-4D94-9BF2-AC986D8777BC}
		{F17FA8BA-C635-4A14-9B32-7E2D33083C99} = {47AFE0B8-52A9-44F3-BC33-E1328D763FA7}
		{5E09EECA-9EC6-4CEB-BB91-56E0C84BC513} = {47AFE0B8-52A9-44F3-BC33-E1328D763FA7}
		{FF33F1D3-B441-4A25-848D-CBC3D75A6B10} = {9D7FD798-62AA-4B3F-BB77-B6F8891F45DF}
		{70021B9B-25C0-4359-BED3-5F97C5A69BB8} = {9D7FD798-62AA-4B3F-BB77-B6F8891F45DF}
		{54B64179-D670-ECB0-AA0A-B0641E92A1EB} = {02EA681E-C7D8-13C7-8484-4AC65E1B71E8}
	EndGlobalSection
	GlobalSection(ExtensibilityGlobals) = postSolution
		SolutionGuid = {5719889A-D0AD-4520-804C-CE0B79AA2804}
	EndGlobalSection
EndGlobal
